
Microsoft Visual Studio Solution File, Format Version 12.00
# Visual Studio 15
VisualStudioVersion = 15.0.28307.271
MinimumVisualStudioVersion = 10.0.40219.1
Project("{FAE04EC0-301F-11D3-BF4B-00C04F79EFBC}") = "AspNet_AdoNet_Evaluation", "AspNet_AdoNet_Evaluation\AspNet_AdoNet_Evaluation.csproj", "{465C9BE8-6F9A-44E1-B170-11344E068280}"
EndProject
Global
	GlobalSection(SolutionConfigurationPlatforms) = preSolution
		Debug|Any CPU = Debug|Any CPU
		Release|Any CPU = Release|Any CPU
	EndGlobalSection
	GlobalSection(ProjectConfigurationPlatforms) = postSolution
		{465C9BE8-6F9A-44E1-B170-11344E068280}.Debug|Any CPU.ActiveCfg = Debug|Any CPU
		{465C9BE8-6F9A-44E1-B170-11344E068280}.Debug|Any CPU.Build.0 = Debug|Any CPU
		{465C9BE8-6F9A-44E1-B170-11344E068280}.Release|Any CPU.ActiveCfg = Release|Any CPU
		{465C9BE8-6F9A-44E1-B170-11344E068280}.Release|Any CPU.Build.0 = Release|Any CPU
	EndGlobalSection
	GlobalSection(SolutionProperties) = preSolution
		HideSolutionNode = FALSE
	EndGlobalSection
	GlobalSection(ExtensibilityGlobals) = postSolution
		SolutionGuid = {6710DB02-32FD-4A83-A718-ACD491923962}
	EndGlobalSection
EndGlobal
